{
  "nodes": {
    "nixpkgs": {
      "locked": {
        "lastModified": 1768395095,
        "narHash": "sha256-ZhuYJbwbZT32QA95tSkXd9zXHcdZj90EzHpEXBMabaw=",
        "owner": "NixOS",
        "repo": "nixpkgs",
        "rev": "13868c071cc73a5e9f610c47d7bb08e5da64fdd5",
        "type": "github"
      },
      "original": {
        "id": "nixpkgs",
        "type": "indirect"
      }
    },
    "root": {
      "inputs": {
        "nixpkgs": "nixpkgs",
        "zig": "zig",
        "zls": "zls"
      }
    },
    "zig": {
      "inputs": {
        "nixpkgs": [
          "nixpkgs"
        ]
      },
      "locked": {
        "lastModified": 1768326678,
        "narHash": "sha256-7CgkFg5PoUBeTCnHfM7xSL3I85gzV0YlQXiICXiZoTw=",
        "owner": "silversquirl",
        "repo": "zig-flake",
        "rev": "0cdbb05a3109ffb6a2eebfa46fa9d9bb282b818f",
        "type": "github"
      },
      "original": {
        "owner": "silversquirl",
        "ref": "compat",
        "repo": "zig-flake",
        "type": "github"
      }
    },
    "zls": {
      "inputs": {
        "nixpkgs": [
          "nixpkgs"
        ],
        "zig-overlay": [
          "zig"
        ]
      },
      "locked": {
        "lastModified": 1768392206,
        "narHash": "sha256-QwENVxMhwYW8qVhrbbMSaDv9+Caau6pGgntbzQd2llM=",
        "owner": "zigtools",
        "repo": "zls",
        "rev": "ea5418b18dde6cf2a9d2443dd1cdc2fe8a5cd7d6",
        "type": "github"
      },
      "original": {
        "owner": "zigtools",
        "repo": "zls",
        "type": "github"
      }
    }
  },
  "root": "root",
  "version": 7
}
