{
  "nodes": {
    "nixpkgs": {
      "locked": {
        "lastModified": 1767364772,
        "narHash": "sha256-fFUnEYMla8b7UKjijLnMe+oVFOz6HjijGGNS1l7dYaQ=",
        "owner": "NixOS",
        "repo": "nixpkgs",
        "rev": "16c7794d0a28b5a37904d55bcca36003b9109aaa",
        "type": "github"
      },
      "original": {
        "id": "nixpkgs",
        "type": "indirect"
      }
    },
    "root": {
      "inputs": {
        "nixpkgs": "nixpkgs",
        "zig": "zig",
        "zls": "zls"
      }
    },
    "zig": {
      "inputs": {
        "nixpkgs": [
          "nixpkgs"
        ]
      },
      "locked": {
        "lastModified": 1767804113,
        "narHash": "sha256-off1fbRite/oGOvp34thbwZOJI0pOyDB0HlpA7QegLs=",
        "owner": "silversquirl",
        "repo": "zig-flake",
        "rev": "46300705c2980d38818e808cc662cbcc221e8907",
        "type": "github"
      },
      "original": {
        "owner": "silversquirl",
        "ref": "compat",
        "repo": "zig-flake",
        "type": "github"
      }
    },
    "zls": {
      "inputs": {
        "nixpkgs": [
          "nixpkgs"
        ],
        "zig-overlay": [
          "zig"
        ]
      },
      "locked": {
        "lastModified": 1767781596,
        "narHash": "sha256-Yn++K9yHPUX+g6ikTRpd659RZXQwNm7fWpoiMe0J4LE=",
        "owner": "zigtools",
        "repo": "zls",
        "rev": "d732b05ea4d9e95febc35bd6fd4cdd9d601f4266",
        "type": "github"
      },
      "original": {
        "owner": "zigtools",
        "repo": "zls",
        "type": "github"
      }
    }
  },
  "root": "root",
  "version": 7
}
